# THIS IS AN AUTOGENERATED FILE. DO NOT EDIT THIS FILE DIRECTLY.
# yarn lockfile v1


awesomplete@^1.1.4:
  version "1.1.4"
  resolved "https://registry.yarnpkg.com/awesomplete/-/awesomplete-1.1.4.tgz#cdfcbbb2391857ff3a3340b5b1ebde7701b355e6"
  integrity sha512-AgYrODNlVD3ZJ6Em54YesLnOSusuVCjoRAt0l5bi3L1Oiv5r5dkPdxVPJaG3/wnPlxRUmGcpGnK02VK7N02kCg==

geostats@^1.7.0:
  version "1.7.0"
  resolved "https://registry.yarnpkg.com/geostats/-/geostats-1.7.0.tgz#a1a8e5aa033cef0588059a03d0cc04c061c8ad33"
  integrity sha512-+p3yxk7p6wBE7QcJjXKEd/SETVQtM3evEwT8+DV+D2QpqbTB05jT4DTQac46bEXhixXQcJxoLlPpnmZJ8DgJiA==

jquery@^3.4.1:
  version "3.4.1"
  resolved "https://registry.yarnpkg.com/jquery/-/jquery-3.4.1.tgz#714f1f8d9dde4bdfa55764ba37ef214630d80ef2"
  integrity sha512-36+AdBzCL+y6qjw5Tx7HgzeGCzC81MDDgaUP8ld2zhx58HdqXGoBd+tHdrBMiyjGQs0Hxs/MLZTu/eHNJJuWPw==

leaflet-search@^2.9.8:
  version "2.9.8"
  resolved "https://registry.yarnpkg.com/leaflet-search/-/leaflet-search-2.9.8.tgz#67adbd06016e67459e84a0493e946dd4384169b4"
  integrity sha512-w/0qcllcNVzlfhup7apLc7hamOaZrtGfxMDqX6ItlUjNBz08CMk7bxcwITIVbL8wFYqTnVsBI8zUBKzypQo2uw==
  dependencies:
    leaflet "*"

leaflet@*, leaflet@^1.5.1:
  version "1.5.1"
  resolved "https://registry.yarnpkg.com/leaflet/-/leaflet-1.5.1.tgz#9afb9d963d66c870066b1342e7a06f92840f46bf"
  integrity sha512-ekM9KAeG99tYisNBg0IzEywAlp0hYI5XRipsqRXyRTeuU8jcuntilpp+eFf5gaE0xubc9RuSNIVtByEKwqFV0w==

spin@^0.0.1:
  version "0.0.1"
  resolved "https://registry.yarnpkg.com/spin/-/spin-0.0.1.tgz#246b756469c63b1f62f912f925b7eb2490e38cc6"
  integrity sha1-JGt1ZGnGOx9i+RL5JbfrJJDjjMY=
